
Microsoft Visual Studio Solution File, Format Version 12.00
# Visual Studio 15
VisualStudioVersion = 15.0.28307.168
MinimumVisualStudioVersion = 10.0.40219.1
Project("{FAE04EC0-301F-11D3-BF4B-00C04F79EFBC}") = "Xamarin.Android.SMSSDK", "Xamarin.Android.SMSSDK\Xamarin.Android.SMSSDK.csproj", "{4C11A8AB-714C-4C35-9A5C-C564DE7A8F14}"
EndProject
Global
	GlobalSection(SolutionConfigurationPlatforms) = preSolution
		Debug|Any CPU = Debug|Any CPU
		Release|Any CPU = Release|Any CPU
	EndGlobalSection
	GlobalSection(ProjectConfigurationPlatforms) = postSolution
		{4C11A8AB-714C-4C35-9A5C-C564DE7A8F14}.Debug|Any CPU.ActiveCfg = Debug|Any CPU
		{4C11A8AB-714C-4C35-9A5C-C564DE7A8F14}.Debug|Any CPU.Build.0 = Debug|Any CPU
		{4C11A8AB-714C-4C35-9A5C-C564DE7A8F14}.Release|Any CPU.ActiveCfg = Release|Any CPU
		{4C11A8AB-714C-4C35-9A5C-C564DE7A8F14}.Release|Any CPU.Build.0 = Release|Any CPU
	EndGlobalSection
	GlobalSection(SolutionProperties) = preSolution
		HideSolutionNode = FALSE
	EndGlobalSection
	GlobalSection(ExtensibilityGlobals) = postSolution
		SolutionGuid = {AB56F4DE-93DE-4F2B-A261-A32340544913}
	EndGlobalSection
EndGlobal
