
Microsoft Visual Studio Solution File, Format Version 12.00
# Visual Studio Version 16
VisualStudioVersion = 16.0.28407.52
MinimumVisualStudioVersion = 10.0.40219.1
Project("{FAE04EC0-301F-11D3-BF4B-00C04F79EFBC}") = "Xamarin.Android.CoordinatorTabLayout", "Xamarin.Android.CoordinatorTabLayout\Xamarin.Android.CoordinatorTabLayout.csproj", "{6010227A-7D1B-468B-BA81-EF1E8AD87FD1}"
EndProject
Global
	GlobalSection(SolutionConfigurationPlatforms) = preSolution
		Debug|Any CPU = Debug|Any CPU
		Release|Any CPU = Release|Any CPU
	EndGlobalSection
	GlobalSection(ProjectConfigurationPlatforms) = postSolution
		{6010227A-7D1B-468B-BA81-EF1E8AD87FD1}.Debug|Any CPU.ActiveCfg = Debug|Any CPU
		{6010227A-7D1B-468B-BA81-EF1E8AD87FD1}.Debug|Any CPU.Build.0 = Debug|Any CPU
		{6010227A-7D1B-468B-BA81-EF1E8AD87FD1}.Release|Any CPU.ActiveCfg = Release|Any CPU
		{6010227A-7D1B-468B-BA81-EF1E8AD87FD1}.Release|Any CPU.Build.0 = Release|Any CPU
	EndGlobalSection
	GlobalSection(SolutionProperties) = preSolution
		HideSolutionNode = FALSE
	EndGlobalSection
	GlobalSection(ExtensibilityGlobals) = postSolution
		SolutionGuid = {F0317158-0210-424F-9082-C9541446B8DF}
	EndGlobalSection
EndGlobal
