
Microsoft Visual Studio Solution File, Format Version 12.00
# Visual Studio 15
VisualStudioVersion = 15.0.28307.168
MinimumVisualStudioVersion = 10.0.40219.1
Project("{FAE04EC0-301F-11D3-BF4B-00C04F79EFBC}") = "App14", "App14\App14.csproj", "{0073C38B-FF09-4F7C-A560-0B793E02455E}"
EndProject
Global
	GlobalSection(SolutionConfigurationPlatforms) = preSolution
		Debug|Any CPU = Debug|Any CPU
		Release|Any CPU = Release|Any CPU
	EndGlobalSection
	GlobalSection(ProjectConfigurationPlatforms) = postSolution
		{0073C38B-FF09-4F7C-A560-0B793E02455E}.Debug|Any CPU.ActiveCfg = Debug|Any CPU
		{0073C38B-FF09-4F7C-A560-0B793E02455E}.Debug|Any CPU.Build.0 = Debug|Any CPU
		{0073C38B-FF09-4F7C-A560-0B793E02455E}.Debug|Any CPU.Deploy.0 = Debug|Any CPU
		{0073C38B-FF09-4F7C-A560-0B793E02455E}.Release|Any CPU.ActiveCfg = Release|Any CPU
		{0073C38B-FF09-4F7C-A560-0B793E02455E}.Release|Any CPU.Build.0 = Release|Any CPU
		{0073C38B-FF09-4F7C-A560-0B793E02455E}.Release|Any CPU.Deploy.0 = Release|Any CPU
	EndGlobalSection
	GlobalSection(SolutionProperties) = preSolution
		HideSolutionNode = FALSE
	EndGlobalSection
	GlobalSection(ExtensibilityGlobals) = postSolution
		SolutionGuid = {80D366C0-D553-45F4-A35B-4C99A99473CF}
	EndGlobalSection
EndGlobal
