
Microsoft Visual Studio Solution File, Format Version 12.00
# Visual Studio 15
VisualStudioVersion = 15.0.28307.168
MinimumVisualStudioVersion = 10.0.40219.1
Project("{FAE04EC0-301F-11D3-BF4B-00C04F79EFBC}") = "Xamarin.Android.QMUI", "Xamarin.Android.QMUI\Xamarin.Android.QMUI.csproj", "{1665F708-8EF4-4BF6-B05D-6669C857C1C7}"
EndProject
Global
	GlobalSection(SolutionConfigurationPlatforms) = preSolution
		Debug|Any CPU = Debug|Any CPU
		Release|Any CPU = Release|Any CPU
	EndGlobalSection
	GlobalSection(ProjectConfigurationPlatforms) = postSolution
		{1665F708-8EF4-4BF6-B05D-6669C857C1C7}.Debug|Any CPU.ActiveCfg = Debug|Any CPU
		{1665F708-8EF4-4BF6-B05D-6669C857C1C7}.Debug|Any CPU.Build.0 = Debug|Any CPU
		{1665F708-8EF4-4BF6-B05D-6669C857C1C7}.Release|Any CPU.ActiveCfg = Release|Any CPU
		{1665F708-8EF4-4BF6-B05D-6669C857C1C7}.Release|Any CPU.Build.0 = Release|Any CPU
	EndGlobalSection
	GlobalSection(SolutionProperties) = preSolution
		HideSolutionNode = FALSE
	EndGlobalSection
	GlobalSection(ExtensibilityGlobals) = postSolution
		SolutionGuid = {03AC22D6-8E62-4CD1-95FC-9C1AA0AABA2D}
	EndGlobalSection
EndGlobal
