
Microsoft Visual Studio Solution File, Format Version 12.00
# Visual Studio 15
VisualStudioVersion = 15.0.28307.168
MinimumVisualStudioVersion = 10.0.40219.1
Project("{FAE04EC0-301F-11D3-BF4B-00C04F79EFBC}") = "Xamarin.Android.RxAndroid", "Xamarin.Android.RxAndroid\Xamarin.Android.RxAndroid.csproj", "{810CE618-1B61-4673-B28C-1A905BBD974E}"
EndProject
Global
	GlobalSection(SolutionConfigurationPlatforms) = preSolution
		Debug|Any CPU = Debug|Any CPU
		Release|Any CPU = Release|Any CPU
	EndGlobalSection
	GlobalSection(ProjectConfigurationPlatforms) = postSolution
		{810CE618-1B61-4673-B28C-1A905BBD974E}.Debug|Any CPU.ActiveCfg = Debug|Any CPU
		{810CE618-1B61-4673-B28C-1A905BBD974E}.Debug|Any CPU.Build.0 = Debug|Any CPU
		{810CE618-1B61-4673-B28C-1A905BBD974E}.Release|Any CPU.ActiveCfg = Release|Any CPU
		{810CE618-1B61-4673-B28C-1A905BBD974E}.Release|Any CPU.Build.0 = Release|Any CPU
	EndGlobalSection
	GlobalSection(SolutionProperties) = preSolution
		HideSolutionNode = FALSE
	EndGlobalSection
	GlobalSection(ExtensibilityGlobals) = postSolution
		SolutionGuid = {46CAE05B-DAC6-4ED4-9189-289DBC263C88}
	EndGlobalSection
EndGlobal
