
Microsoft Visual Studio Solution File, Format Version 12.00
# Visual Studio 15
VisualStudioVersion = 15.0.28307.168
MinimumVisualStudioVersion = 10.0.40219.1
Project("{FAE04EC0-301F-11D3-BF4B-00C04F79EFBC}") = "Xamarin.Android.PhotoView", "Xamarin.Android.PhotoView\Xamarin.Android.PhotoView.csproj", "{A47CE692-2AAF-465F-9AC6-BDD2D785F1BC}"
EndProject
Global
	GlobalSection(SolutionConfigurationPlatforms) = preSolution
		Debug|Any CPU = Debug|Any CPU
		Release|Any CPU = Release|Any CPU
	EndGlobalSection
	GlobalSection(ProjectConfigurationPlatforms) = postSolution
		{A47CE692-2AAF-465F-9AC6-BDD2D785F1BC}.Debug|Any CPU.ActiveCfg = Debug|Any CPU
		{A47CE692-2AAF-465F-9AC6-BDD2D785F1BC}.Debug|Any CPU.Build.0 = Debug|Any CPU
		{A47CE692-2AAF-465F-9AC6-BDD2D785F1BC}.Release|Any CPU.ActiveCfg = Release|Any CPU
		{A47CE692-2AAF-465F-9AC6-BDD2D785F1BC}.Release|Any CPU.Build.0 = Release|Any CPU
	EndGlobalSection
	GlobalSection(SolutionProperties) = preSolution
		HideSolutionNode = FALSE
	EndGlobalSection
	GlobalSection(ExtensibilityGlobals) = postSolution
		SolutionGuid = {5951919B-3EEF-4654-89E6-58BB9966DF3D}
	EndGlobalSection
EndGlobal
